
Microsoft Visual Studio Solution File, Format Version 12.00
# Visual Studio 15
VisualStudioVersion = 15.0.28307.102
MinimumVisualStudioVersion = 10.0.40219.1
Project("{9A19103F-16F7-4668-BE54-9A1E7A4F7556}") = "apiwc", "apiwc.csproj", "{FD8266DC-3DCB-4E08-BC3B-6C68A6AA1430}"
EndProject
Global
	GlobalSection(SolutionConfigurationPlatforms) = preSolution
		Debug|Any CPU = Debug|Any CPU
		Release|Any CPU = Release|Any CPU
	EndGlobalSection
	GlobalSection(ProjectConfigurationPlatforms) = postSolution
		{FD8266DC-3DCB-4E08-BC3B-6C68A6AA1430}.Debug|Any CPU.ActiveCfg = Debug|Any CPU
		{FD8266DC-3DCB-4E08-BC3B-6C68A6AA1430}.Debug|Any CPU.Build.0 = Debug|Any CPU
		{FD8266DC-3DCB-4E08-BC3B-6C68A6AA1430}.Release|Any CPU.ActiveCfg = Release|Any CPU
		{FD8266DC-3DCB-4E08-BC3B-6C68A6AA1430}.Release|Any CPU.Build.0 = Release|Any CPU
	EndGlobalSection
	GlobalSection(SolutionProperties) = preSolution
		HideSolutionNode = FALSE
	EndGlobalSection
	GlobalSection(ExtensibilityGlobals) = postSolution
		SolutionGuid = {5ED885B0-6FA6-43E0-9DA0-A06C3456998B}
	EndGlobalSection
EndGlobal
